
Microsoft Visual Studio Solution File, Format Version 12.00
# Visual Studio Express 2012 for Web
Project("{FAE04EC0-301F-11D3-BF4B-00C04F79EFBC}") = "SmartTalk", "SmartTalk\SmartTalk.csproj", "{EAA910DC-47A0-4C22-B04E-97283699C6EA}"
EndProject
Global
	GlobalSection(SolutionConfigurationPlatforms) = preSolution
		Debug|Any CPU = Debug|Any CPU
		Release|Any CPU = Release|Any CPU
	EndGlobalSection
	GlobalSection(ProjectConfigurationPlatforms) = postSolution
		{EAA910DC-47A0-4C22-B04E-97283699C6EA}.Debug|Any CPU.ActiveCfg = Debug|Any CPU
		{EAA910DC-47A0-4C22-B04E-97283699C6EA}.Debug|Any CPU.Build.0 = Debug|Any CPU
		{EAA910DC-47A0-4C22-B04E-97283699C6EA}.Release|Any CPU.ActiveCfg = Release|Any CPU
		{EAA910DC-47A0-4C22-B04E-97283699C6EA}.Release|Any CPU.Build.0 = Release|Any CPU
	EndGlobalSection
	GlobalSection(SolutionProperties) = preSolution
		HideSolutionNode = FALSE
	EndGlobalSection
EndGlobal
